
Microsoft Visual Studio Solution File, Format Version 12.00
# Visual Studio Version 17
VisualStudioVersion = 17.6.33829.357
MinimumVisualStudioVersion = 10.0.40219.1
Project("{FAE04EC0-301F-11D3-BF4B-00C04F79EFBC}") = "Aula do dia 14-08-2023", "Aula do dia 14-08-2023.csproj", "{DE4F3FCA-097D-4356-B6BF-768BAD30A9D7}"
EndProject
Global
	GlobalSection(SolutionConfigurationPlatforms) = preSolution
		Debug|Any CPU = Debug|Any CPU
		Release|Any CPU = Release|Any CPU
	EndGlobalSection
	GlobalSection(ProjectConfigurationPlatforms) = postSolution
		{DE4F3FCA-097D-4356-B6BF-768BAD30A9D7}.Debug|Any CPU.ActiveCfg = Debug|Any CPU
		{DE4F3FCA-097D-4356-B6BF-768BAD30A9D7}.Debug|Any CPU.Build.0 = Debug|Any CPU
		{DE4F3FCA-097D-4356-B6BF-768BAD30A9D7}.Release|Any CPU.ActiveCfg = Release|Any CPU
		{DE4F3FCA-097D-4356-B6BF-768BAD30A9D7}.Release|Any CPU.Build.0 = Release|Any CPU
	EndGlobalSection
	GlobalSection(SolutionProperties) = preSolution
		HideSolutionNode = FALSE
	EndGlobalSection
	GlobalSection(ExtensibilityGlobals) = postSolution
		SolutionGuid = {334C745F-BDA2-47C5-BA6F-BD216AEF31DF}
	EndGlobalSection
EndGlobal
